<?xml version="1.0" encoding="utf-8"?>
<Project ToolsVersion="4.0" xmlns="http://schemas.microsoft.com/developer/msbuild/2003">
  <ItemGroup>
    <Filter Include="Исходные файлы">
      <UniqueIdentifier>{4FC737F1-C7A5-4376-A066-2A32D752A2FF}</UniqueIdentifier>
      <Extensions>cpp;c;cc;cxx;def;odl;idl;hpj;bat;asm;asmx</Extensions>
    </Filter>
    <Filter Include="Файлы заголовков">
      <UniqueIdentifier>{93995380-89BD-4b04-88EB-625FBE52EBFB}</UniqueIdentifier>
      <Extensions>h;hh;hpp;hxx;hm;inl;inc;ipp;xsd</Extensions>
    </Filter>
    <Filter Include="Файлы ресурсов">
      <UniqueIdentifier>{67DA6AB6-F800-4c08-8B7A-83BB121AAD01}</UniqueIdentifier>
      <Extensions>rc;ico;cur;bmp;dlg;rc2;rct;bin;rgs;gif;jpg;jpeg;jpe;resx;tiff;tif;png;wav;mfcribbon-ms</Extensions>
    </Filter>
    <Filter Include="Исходные файлы\tests">
      <UniqueIdentifier>{3ba9c57c-eb74-4229-9334-ab0ad6c6b67d}</UniqueIdentifier>
    </Filter>
  </ItemGroup>
  <ItemGroup>
    <ClCompile Include="Test.cpp">
      <Filter>Исходные файлы</Filter>
    </ClCompile>
    <ClCompile Include="xmlreader_2115.cpp">
      <Filter>Исходные файлы\tests</Filter>
    </ClCompile>
    <ClCompile Include="..\FAST\tinyxml\tinystr.cpp">
      <Filter>Исходные файлы\tests</Filter>
    </ClCompile>
    <ClCompile Include="..\FAST\tinyxml\tinyxml.cpp">
      <Filter>Исходные файлы\tests</Filter>
    </ClCompile>
    <ClCompile Include="..\FAST\tinyxml\tinyxmlerror.cpp">
      <Filter>Исходные файлы\tests</Filter>
    </ClCompile>
    <ClCompile Include="..\FAST\tinyxml\tinyxmlparser.cpp">
      <Filter>Исходные файлы\tests</Filter>
    </ClCompile>
    <ClCompile Include="int_processing_test.h">
      <Filter>Исходные файлы\tests</Filter>
    </ClCompile>
    <ClCompile Include="..\FIX\TCPClient.cpp">
      <Filter>Исходные файлы</Filter>
    </ClCompile>
    <ClCompile Include="..\FIX\FIXDecoder.cpp">
      <Filter>Исходные файлы</Filter>
    </ClCompile>
    <ClCompile Include="..\FIX\FIXEncoder.cpp">
      <Filter>Исходные файлы</Filter>
    </ClCompile>
  </ItemGroup>
  <ItemGroup>
    <ClInclude Include="..\FAST\tinyxml\tinystr.h">
      <Filter>Файлы заголовков</Filter>
    </ClInclude>
    <ClInclude Include="..\FAST\tinyxml\tinyxml.h">
      <Filter>Файлы заголовков</Filter>
    </ClInclude>
    <ClInclude Include="decoder_test.h">
      <Filter>Исходные файлы\tests</Filter>
    </ClInclude>
    <ClInclude Include="..\FIX\TCPClient.h">
      <Filter>Файлы заголовков</Filter>
    </ClInclude>
    <ClInclude Include="..\FIX\FIXDecoder.h">
      <Filter>Файлы заголовков</Filter>
    </ClInclude>
    <ClInclude Include="fix_decoder_test.h">
      <Filter>Исходные файлы\tests</Filter>
    </ClInclude>
    <ClInclude Include="..\FIX\FIXEncoder.h">
      <Filter>Файлы заголовков</Filter>
    </ClInclude>
  </ItemGroup>
</Project>